{
  "nodes": {
    "home-manager": {
      "inputs": {
        "nixpkgs": [
          "hydenix-nixpkgs"
        ]
      },
      "locked": {
        "lastModified": 1749131129,
        "narHash": "sha256-tJ+93i7N4QttM75bE8T09LlSU3Mv6Dfi9WaVBvlWilo=",
        "owner": "nix-community",
        "repo": "home-manager",
        "rev": "13a45ede6c17b5e923dfc18a40a3f646436f4809",
        "type": "github"
      },
      "original": {
        "owner": "nix-community",
        "repo": "home-manager",
        "type": "github"
      }
    },
    "hyde": {
      "flake": false,
      "locked": {
        "lastModified": 1748791025,
        "narHash": "sha256-yvpKzj1HQsCVMxf9E6dKuDqjF4SprBTBjlSGs6xLAl8=",
        "owner": "HyDE-Project",
        "repo": "HyDE",
        "rev": "de63a60e4a6b87dfc69a4a4b179ff3d5f7e70c48",
        "type": "github"
      },
      "original": {
        "owner": "HyDE-Project",
        "repo": "HyDE",
        "rev": "de63a60e4a6b87dfc69a4a4b179ff3d5f7e70c48",
        "type": "github"
      }
    },
    "hydenix-nixpkgs": {
      "locked": {
        "lastModified": 1747426788,
        "narHash": "sha256-N4cp0asTsJCnRMFZ/k19V9akkxb7J/opG+K+jU57JGc=",
        "owner": "nixos",
        "repo": "nixpkgs",
        "rev": "12a55407652e04dcf2309436eb06fef0d3713ef3",
        "type": "github"
      },
      "original": {
        "owner": "nixos",
        "repo": "nixpkgs",
        "rev": "12a55407652e04dcf2309436eb06fef0d3713ef3",
        "type": "github"
      }
    },
    "nix-index-database": {
      "inputs": {
        "nixpkgs": [
          "hydenix-nixpkgs"
        ]
      },
      "locked": {
        "lastModified": 1748751003,
        "narHash": "sha256-i4GZdKAK97S0ZMU3w4fqgEJr0cVywzqjugt2qZPrScs=",
        "owner": "nix-community",
        "repo": "nix-index-database",
        "rev": "2860bee699248d828c2ed9097a1cd82c2f991b43",
        "type": "github"
      },
      "original": {
        "owner": "nix-community",
        "repo": "nix-index-database",
        "type": "github"
      }
    },
    "nixos-hardware": {
      "locked": {
        "lastModified": 1749056381,
        "narHash": "sha256-QITcurR19KZlrCngBoCjsFF2BdYsiCG4UqmlrVcLb8Q=",
        "owner": "NixOS",
        "repo": "nixos-hardware",
        "rev": "029bd66faa180e11262dd1bc2732254c33415f52",
        "type": "github"
      },
      "original": {
        "owner": "NixOS",
        "ref": "master",
        "repo": "nixos-hardware",
        "type": "github"
      }
    },
    "root": {
      "inputs": {
        "home-manager": "home-manager",
        "hyde": "hyde",
        "hydenix-nixpkgs": "hydenix-nixpkgs",
        "nix-index-database": "nix-index-database",
        "nixos-hardware": "nixos-hardware"
      }
    }
  },
  "root": "root",
  "version": 7
}
